{
    "_meta": {
        "hash": {
            "sha256": "3c56bc08c22f80e72f6905288ace1fca079cff9f5ee2eba6d93423491171844d"
        },
        "pipfile-spec": 6,
        "requires": {
            "python_version": "3.5"
        },
        "sources": [
            {
                "name": "pypi",
                "url": "https://pypi.org/simple",
                "verify_ssl": true
            }
        ]
    },
    "default": {
        "pyserial": {
            "hashes": [
                "sha256:6e2d401fdee0eab996cf734e67773a0143b932772ca8b42451440cfed942c627",
                "sha256:e0770fadba80c31013896c7e6ef703f72e7834965954a78e71a3049488d4d7d8"
            ],
            "index": "pypi",
            "version": "==3.4"
        }
    },
    "develop": {}
}
